
Microsoft Visual Studio Solution File, Format Version 12.00
# Visual Studio Version 16
VisualStudioVersion = 25.0.1704.3
MinimumVisualStudioVersion = 10.0.40219.1
Project("{FAE04EC0-301F-11D3-BF4B-00C04F79EFBC}") = "CanJump", "AlgoExercise\CanJump.csproj", "{9BA30543-E237-4CBB-A8C1-AA7A7843316C}"
EndProject
Project("{FAE04EC0-301F-11D3-BF4B-00C04F79EFBC}") = "LongestPalindromeSubstring", "LongestPalindromeSubstring\LongestPalindromeSubstring.csproj", "{7480C088-4CF8-47DC-846C-121169ED823F}"
EndProject
Project("{FAE04EC0-301F-11D3-BF4B-00C04F79EFBC}") = "RomanInteger", "RomanInteger\RomanInteger.csproj", "{52D5D198-3C97-4340-81F5-09F5AEF22079}"
EndProject
Global
	GlobalSection(SolutionConfigurationPlatforms) = preSolution
		Debug|Any CPU = Debug|Any CPU
		Release|Any CPU = Release|Any CPU
	EndGlobalSection
	GlobalSection(ProjectConfigurationPlatforms) = postSolution
		{9BA30543-E237-4CBB-A8C1-AA7A7843316C}.Debug|Any CPU.ActiveCfg = Debug|Any CPU
		{9BA30543-E237-4CBB-A8C1-AA7A7843316C}.Debug|Any CPU.Build.0 = Debug|Any CPU
		{9BA30543-E237-4CBB-A8C1-AA7A7843316C}.Release|Any CPU.ActiveCfg = Release|Any CPU
		{9BA30543-E237-4CBB-A8C1-AA7A7843316C}.Release|Any CPU.Build.0 = Release|Any CPU
		{7480C088-4CF8-47DC-846C-121169ED823F}.Debug|Any CPU.ActiveCfg = Debug|Any CPU
		{7480C088-4CF8-47DC-846C-121169ED823F}.Debug|Any CPU.Build.0 = Debug|Any CPU
		{7480C088-4CF8-47DC-846C-121169ED823F}.Release|Any CPU.ActiveCfg = Release|Any CPU
		{7480C088-4CF8-47DC-846C-121169ED823F}.Release|Any CPU.Build.0 = Release|Any CPU
		{52D5D198-3C97-4340-81F5-09F5AEF22079}.Debug|Any CPU.ActiveCfg = Debug|Any CPU
		{52D5D198-3C97-4340-81F5-09F5AEF22079}.Debug|Any CPU.Build.0 = Debug|Any CPU
		{52D5D198-3C97-4340-81F5-09F5AEF22079}.Release|Any CPU.ActiveCfg = Release|Any CPU
		{52D5D198-3C97-4340-81F5-09F5AEF22079}.Release|Any CPU.Build.0 = Release|Any CPU
	EndGlobalSection
	GlobalSection(SolutionProperties) = preSolution
		HideSolutionNode = FALSE
	EndGlobalSection
	GlobalSection(ExtensibilityGlobals) = postSolution
		SolutionGuid = {2F81B450-DC4C-4446-A3C8-AE8C1987CA2F}
	EndGlobalSection
EndGlobal
