
Microsoft Visual Studio Solution File, Format Version 12.00
# Visual Studio Version 16
VisualStudioVersion = 25.0.1705.5
MinimumVisualStudioVersion = 10.0.40219.1
Project("{FAE04EC0-301F-11D3-BF4B-00C04F79EFBC}") = "CanJump", "CanJump.csproj", "{A958929F-1C07-42FC-AB82-DD6E90FCFEAE}"
EndProject
Global
	GlobalSection(SolutionConfigurationPlatforms) = preSolution
		Debug|Any CPU = Debug|Any CPU
		Release|Any CPU = Release|Any CPU
	EndGlobalSection
	GlobalSection(ProjectConfigurationPlatforms) = postSolution
		{A958929F-1C07-42FC-AB82-DD6E90FCFEAE}.Debug|Any CPU.ActiveCfg = Debug|Any CPU
		{A958929F-1C07-42FC-AB82-DD6E90FCFEAE}.Debug|Any CPU.Build.0 = Debug|Any CPU
		{A958929F-1C07-42FC-AB82-DD6E90FCFEAE}.Release|Any CPU.ActiveCfg = Release|Any CPU
		{A958929F-1C07-42FC-AB82-DD6E90FCFEAE}.Release|Any CPU.Build.0 = Release|Any CPU
	EndGlobalSection
	GlobalSection(SolutionProperties) = preSolution
		HideSolutionNode = FALSE
	EndGlobalSection
	GlobalSection(ExtensibilityGlobals) = postSolution
		SolutionGuid = {A785933F-175E-4E15-9C20-BB8777DC7781}
	EndGlobalSection
EndGlobal
